
Microsoft Visual Studio Solution File, Format Version 12.00
Project("{FAE04EC0-301F-11D3-BF4B-00C04F79EFBC}") = "Client", "Client\Client.csproj", "{0C5B7E89-BF7E-4411-BAC0-149D12CFDFE9}"
EndProject
Project("{2150E333-8FDC-42A3-9474-1A3956D46DE8}") = "Build", "Build", "{E680E148-9A65-4AB8-B119-DEAFBDD8B03C}"
ProjectSection(SolutionItems) = preProject
	..\build.cake = ..\build.cake
EndProjectSection
EndProject
Global
	GlobalSection(SolutionConfigurationPlatforms) = preSolution
		Debug|Any CPU = Debug|Any CPU
		Release|Any CPU = Release|Any CPU
	EndGlobalSection
	GlobalSection(ProjectConfigurationPlatforms) = postSolution
		{0C5B7E89-BF7E-4411-BAC0-149D12CFDFE9}.Debug|Any CPU.ActiveCfg = Debug|Any CPU
		{0C5B7E89-BF7E-4411-BAC0-149D12CFDFE9}.Debug|Any CPU.Build.0 = Debug|Any CPU
		{0C5B7E89-BF7E-4411-BAC0-149D12CFDFE9}.Release|Any CPU.ActiveCfg = Release|Any CPU
		{0C5B7E89-BF7E-4411-BAC0-149D12CFDFE9}.Release|Any CPU.Build.0 = Release|Any CPU
	EndGlobalSection
EndGlobal
